// !$*UTF8*$!
{
	archiveVersion = 1;
	classes = {
	};
	objectVersion = 46;
	objects = {

/* Begin PBXBuildFile section */
		3F02CA931B5F85F200220C40 /* countries_of_the_world.txt in Resources */ = {isa = PBXBuildFile; fileRef = 3F02CA921B5F85F200220C40 /* countries_of_the_world.txt */; };
		3F02CA951B64284700220C40 /* InfoViewController.swift in Sources */ = {isa = PBXBuildFile; fileRef = 3F02CA941B64284700220C40 /* InfoViewController.swift */; };
		3F6B24B91B7C9A6B00E5ED23 /* FinishedSavingView.xib in Resources */ = {isa = PBXBuildFile; fileRef = 3F6B24B81B7C9A6B00E5ED23 /* FinishedSavingView.xib */; };
		3F6B24BC1B7D339900E5ED23 /* bg-1.jpg in Resources */ = {isa = PBXBuildFile; fileRef = 3F6B24BB1B7D339900E5ED23 /* bg-1.jpg */; };
		3F6BC9E31B5D8BA200C986F1 /* CoreLocation.framework in Frameworks */ = {isa = PBXBuildFile; fileRef = 3F6BC9E21B5D8BA200C986F1 /* CoreLocation.framework */; };
		3F7D9E0B1B6F33E200752433 /* Restaurant.swift in Sources */ = {isa = PBXBuildFile; fileRef = 3F7D9E0A1B6F33E200752433 /* Restaurant.swift */; };
		3F7D9E0D1B6F467700752433 /* RestaurantHistoryViewController.swift in Sources */ = {isa = PBXBuildFile; fileRef = 3F7D9E0C1B6F467700752433 /* RestaurantHistoryViewController.swift */; };
		3F7D9E101B6FDE9300752433 /* RestaurantTableViewCell.swift in Sources */ = {isa = PBXBuildFile; fileRef = 3F7D9E0F1B6FDE9300752433 /* RestaurantTableViewCell.swift */; };
		3F808D971B7BE42500F5DA35 /* walking2.png in Resources */ = {isa = PBXBuildFile; fileRef = 3F808D951B7BE42500F5DA35 /* walking2.png */; };
		3F808D981B7BE42500F5DA35 /* walking2@2x.png in Resources */ = {isa = PBXBuildFile; fileRef = 3F808D961B7BE42500F5DA35 /* walking2@2x.png */; };
		3F808D9A1B7BE7B700F5DA35 /* bicycle-black.png in Resources */ = {isa = PBXBuildFile; fileRef = 3F808D991B7BE7B700F5DA35 /* bicycle-black.png */; };
		3F808D9E1B7BE87500F5DA35 /* bicycle-white@3x.png in Resources */ = {isa = PBXBuildFile; fileRef = 3F808D9B1B7BE87500F5DA35 /* bicycle-white@3x.png */; };
		3F808D9F1B7BE87500F5DA35 /* bicycle-white.png in Resources */ = {isa = PBXBuildFile; fileRef = 3F808D9C1B7BE87500F5DA35 /* bicycle-white.png */; };
		3F808DA01B7BE87500F5DA35 /* bicycle-black@3x.png in Resources */ = {isa = PBXBuildFile; fileRef = 3F808D9D1B7BE87500F5DA35 /* bicycle-black@3x.png */; };
		3F808DAA1B7BE8ED00F5DA35 /* car-black@3x.png in Resources */ = {isa = PBXBuildFile; fileRef = 3F808DA41B7BE8ED00F5DA35 /* car-black@3x.png */; };
		3F808DAB1B7BE8ED00F5DA35 /* car-black@2x.png in Resources */ = {isa = PBXBuildFile; fileRef = 3F808DA51B7BE8ED00F5DA35 /* car-black@2x.png */; };
		3F808DAC1B7BE8ED00F5DA35 /* car-black.png in Resources */ = {isa = PBXBuildFile; fileRef = 3F808DA61B7BE8ED00F5DA35 /* car-black.png */; };
		3F8427881B55B9770075884B /* AppDelegate.swift in Sources */ = {isa = PBXBuildFile; fileRef = 3F8427871B55B9770075884B /* AppDelegate.swift */; };
		3F84278A1B55B9770075884B /* MainViewController.swift in Sources */ = {isa = PBXBuildFile; fileRef = 3F8427891B55B9770075884B /* MainViewController.swift */; };
		3F84278D1B55B9770075884B /* Main.storyboard in Resources */ = {isa = PBXBuildFile; fileRef = 3F84278B1B55B9770075884B /* Main.storyboard */; };
		3F84278F1B55B9770075884B /* Images.xcassets in Resources */ = {isa = PBXBuildFile; fileRef = 3F84278E1B55B9770075884B /* Images.xcassets */; };
		3F8427921B55B9770075884B /* LaunchScreen.xib in Resources */ = {isa = PBXBuildFile; fileRef = 3F8427901B55B9770075884B /* LaunchScreen.xib */; };
		3F84279E1B55B9770075884B /* Im_HorngryTests.swift in Sources */ = {isa = PBXBuildFile; fileRef = 3F84279D1B55B9770075884B /* Im_HorngryTests.swift */; };
		3F92B66B1B7BD90D00697000 /* IMG_0674.png in Resources */ = {isa = PBXBuildFile; fileRef = 3F92B66A1B7BD90D00697000 /* IMG_0674.png */; };
		3FA25F4E1B7932370043EA2D /* PhotoID.swift in Sources */ = {isa = PBXBuildFile; fileRef = 3FA25F4D1B7932370043EA2D /* PhotoID.swift */; };
		3FA25F501B79395A0043EA2D /* PaginatedScrollView.swift in Sources */ = {isa = PBXBuildFile; fileRef = 3FA25F4F1B79395A0043EA2D /* PaginatedScrollView.swift */; };
		3FE2EEBA1B712B6F00430EF9 /* RestaurantOverviewViewController.swift in Sources */ = {isa = PBXBuildFile; fileRef = 3FE2EEB91B712B6F00430EF9 /* RestaurantOverviewViewController.swift */; };
		3FE8C0891B6ACFCF00F7B936 /* Network.swift in Sources */ = {isa = PBXBuildFile; fileRef = 3FE8C0881B6ACFCF00F7B936 /* Network.swift */; };
		D9FD597521A10FDF6A9390AD /* Pods_Im_Horngry.framework in Frameworks */ = {isa = PBXBuildFile; fileRef = D27DBA3A0055F570B406AF31 /* Pods_Im_Horngry.framework */; settings = {ATTRIBUTES = (Weak, ); }; };
/* End PBXBuildFile section */

/* Begin PBXContainerItemProxy section */
		3F8427981B55B9770075884B /* PBXContainerItemProxy */ = {
			isa = PBXContainerItemProxy;
			containerPortal = 3F84277A1B55B9770075884B /* Project object */;
			proxyType = 1;
			remoteGlobalIDString = 3F8427811B55B9770075884B;
			remoteInfo = "Im-Horngry";
		};
/* End PBXContainerItemProxy section */

/* Begin PBXFileReference section */
		34AF56A87D04C749F7D577E9 /* Pods-Im-Horngry.release.xcconfig */ = {isa = PBXFileReference; includeInIndex = 1; lastKnownFileType = text.xcconfig; name = "Pods-Im-Horngry.release.xcconfig"; path = "Pods/Target Support Files/Pods-Im-Horngry/Pods-Im-Horngry.release.xcconfig"; sourceTree = "<group>"; };
		3545AE645127940BBE100A75 /* Pods-Im-Horngry.debug.xcconfig */ = {isa = PBXFileReference; includeInIndex = 1; lastKnownFileType = text.xcconfig; name = "Pods-Im-Horngry.debug.xcconfig"; path = "Pods/Target Support Files/Pods-Im-Horngry/Pods-Im-Horngry.debug.xcconfig"; sourceTree = "<group>"; };
		3F02CA921B5F85F200220C40 /* countries_of_the_world.txt */ = {isa = PBXFileReference; fileEncoding = 4; lastKnownFileType = text; path = countries_of_the_world.txt; sourceTree = "<group>"; };
		3F02CA941B64284700220C40 /* InfoViewController.swift */ = {isa = PBXFileReference; fileEncoding = 4; lastKnownFileType = sourcecode.swift; path = InfoViewController.swift; sourceTree = "<group>"; };
		3F6B24B81B7C9A6B00E5ED23 /* FinishedSavingView.xib */ = {isa = PBXFileReference; fileEncoding = 4; lastKnownFileType = file.xib; path = FinishedSavingView.xib; sourceTree = "<group>"; };
		3F6B24BB1B7D339900E5ED23 /* bg-1.jpg */ = {isa = PBXFileReference; lastKnownFileType = image.jpeg; path = "bg-1.jpg"; sourceTree = "<group>"; };
		3F6BC9E21B5D8BA200C986F1 /* CoreLocation.framework */ = {isa = PBXFileReference; lastKnownFileType = wrapper.framework; name = CoreLocation.framework; path = System/Library/Frameworks/CoreLocation.framework; sourceTree = SDKROOT; };
		3F7D9E0A1B6F33E200752433 /* Restaurant.swift */ = {isa = PBXFileReference; fileEncoding = 4; lastKnownFileType = sourcecode.swift; path = Restaurant.swift; sourceTree = "<group>"; };
		3F7D9E0C1B6F467700752433 /* RestaurantHistoryViewController.swift */ = {isa = PBXFileReference; fileEncoding = 4; lastKnownFileType = sourcecode.swift; path = RestaurantHistoryViewController.swift; sourceTree = "<group>"; };
		3F7D9E0F1B6FDE9300752433 /* RestaurantTableViewCell.swift */ = {isa = PBXFileReference; fileEncoding = 4; lastKnownFileType = sourcecode.swift; path = RestaurantTableViewCell.swift; sourceTree = "<group>"; };
		3F808D951B7BE42500F5DA35 /* walking2.png */ = {isa = PBXFileReference; lastKnownFileType = image.png; path = walking2.png; sourceTree = "<group>"; };
		3F808D961B7BE42500F5DA35 /* walking2@2x.png */ = {isa = PBXFileReference; lastKnownFileType = image.png; path = "walking2@2x.png"; sourceTree = "<group>"; };
		3F808D991B7BE7B700F5DA35 /* bicycle-black.png */ = {isa = PBXFileReference; lastKnownFileType = image.png; path = "bicycle-black.png"; sourceTree = "<group>"; };
		3F808D9B1B7BE87500F5DA35 /* bicycle-white@3x.png */ = {isa = PBXFileReference; lastKnownFileType = image.png; path = "bicycle-white@3x.png"; sourceTree = "<group>"; };
		3F808D9C1B7BE87500F5DA35 /* bicycle-white.png */ = {isa = PBXFileReference; lastKnownFileType = image.png; path = "bicycle-white.png"; sourceTree = "<group>"; };
		3F808D9D1B7BE87500F5DA35 /* bicycle-black@3x.png */ = {isa = PBXFileReference; lastKnownFileType = image.png; path = "bicycle-black@3x.png"; sourceTree = "<group>"; };
		3F808DA41B7BE8ED00F5DA35 /* car-black@3x.png */ = {isa = PBXFileReference; lastKnownFileType = image.png; path = "car-black@3x.png"; sourceTree = "<group>"; };
		3F808DA51B7BE8ED00F5DA35 /* car-black@2x.png */ = {isa = PBXFileReference; lastKnownFileType = image.png; path = "car-black@2x.png"; sourceTree = "<group>"; };
		3F808DA61B7BE8ED00F5DA35 /* car-black.png */ = {isa = PBXFileReference; lastKnownFileType = image.png; path = "car-black.png"; sourceTree = "<group>"; };
		3F8427821B55B9770075884B /* Dishcover.app */ = {isa = PBXFileReference; explicitFileType = wrapper.application; includeInIndex = 0; path = Dishcover.app; sourceTree = BUILT_PRODUCTS_DIR; };
		3F8427861B55B9770075884B /* Info.plist */ = {isa = PBXFileReference; lastKnownFileType = text.plist.xml; path = Info.plist; sourceTree = "<group>"; };
		3F8427871B55B9770075884B /* AppDelegate.swift */ = {isa = PBXFileReference; lastKnownFileType = sourcecode.swift; path = AppDelegate.swift; sourceTree = "<group>"; };
		3F8427891B55B9770075884B /* MainViewController.swift */ = {isa = PBXFileReference; lastKnownFileType = sourcecode.swift; path = MainViewController.swift; sourceTree = "<group>"; };
		3F84278C1B55B9770075884B /* Base */ = {isa = PBXFileReference; lastKnownFileType = file.storyboard; name = Base; path = Base.lproj/Main.storyboard; sourceTree = "<group>"; };
		3F84278E1B55B9770075884B /* Images.xcassets */ = {isa = PBXFileReference; lastKnownFileType = folder.assetcatalog; path = Images.xcassets; sourceTree = "<group>"; };
		3F8427911B55B9770075884B /* Base */ = {isa = PBXFileReference; lastKnownFileType = file.xib; name = Base; path = Base.lproj/LaunchScreen.xib; sourceTree = "<group>"; };
		3F8427971B55B9770075884B /* DishcoverTests.xctest */ = {isa = PBXFileReference; explicitFileType = wrapper.cfbundle; includeInIndex = 0; path = DishcoverTests.xctest; sourceTree = BUILT_PRODUCTS_DIR; };
		3F84279C1B55B9770075884B /* Info.plist */ = {isa = PBXFileReference; lastKnownFileType = text.plist.xml; path = Info.plist; sourceTree = "<group>"; };
		3F84279D1B55B9770075884B /* Im_HorngryTests.swift */ = {isa = PBXFileReference; lastKnownFileType = sourcecode.swift; path = Im_HorngryTests.swift; sourceTree = "<group>"; };
		3F92B66A1B7BD90D00697000 /* IMG_0674.png */ = {isa = PBXFileReference; lastKnownFileType = image.png; path = IMG_0674.png; sourceTree = "<group>"; };
		3FA25F4D1B7932370043EA2D /* PhotoID.swift */ = {isa = PBXFileReference; fileEncoding = 4; lastKnownFileType = sourcecode.swift; path = PhotoID.swift; sourceTree = "<group>"; };
		3FA25F4F1B79395A0043EA2D /* PaginatedScrollView.swift */ = {isa = PBXFileReference; fileEncoding = 4; lastKnownFileType = sourcecode.swift; path = PaginatedScrollView.swift; sourceTree = "<group>"; };
		3FE2EEB91B712B6F00430EF9 /* RestaurantOverviewViewController.swift */ = {isa = PBXFileReference; fileEncoding = 4; lastKnownFileType = sourcecode.swift; path = RestaurantOverviewViewController.swift; sourceTree = "<group>"; };
		3FE8C0881B6ACFCF00F7B936 /* Network.swift */ = {isa = PBXFileReference; fileEncoding = 4; lastKnownFileType = sourcecode.swift; path = Network.swift; sourceTree = "<group>"; };
		D27DBA3A0055F570B406AF31 /* Pods_Im_Horngry.framework */ = {isa = PBXFileReference; explicitFileType = wrapper.framework; includeInIndex = 0; path = Pods_Im_Horngry.framework; sourceTree = BUILT_PRODUCTS_DIR; };
/* End PBXFileReference section */

/* Begin PBXFrameworksBuildPhase section */
		3F84277F1B55B9770075884B /* Frameworks */ = {
			isa = PBXFrameworksBuildPhase;
			buildActionMask = 2147483647;
			files = (
				3F6BC9E31B5D8BA200C986F1 /* CoreLocation.framework in Frameworks */,
				D9FD597521A10FDF6A9390AD /* Pods_Im_Horngry.framework in Frameworks */,
			);
			runOnlyForDeploymentPostprocessing = 0;
		};
		3F8427941B55B9770075884B /* Frameworks */ = {
			isa = PBXFrameworksBuildPhase;
			buildActionMask = 2147483647;
			files = (
			);
			runOnlyForDeploymentPostprocessing = 0;
		};
/* End PBXFrameworksBuildPhase section */

/* Begin PBXGroup section */
		045D6E0D4050C77F7F8CE243 /* Frameworks */ = {
			isa = PBXGroup;
			children = (
				3F6BC9E21B5D8BA200C986F1 /* CoreLocation.framework */,
				D27DBA3A0055F570B406AF31 /* Pods_Im_Horngry.framework */,
			);
			name = Frameworks;
			sourceTree = "<group>";
		};
		0850A8E24062F548A7FBF158 /* Pods */ = {
			isa = PBXGroup;
			children = (
				3545AE645127940BBE100A75 /* Pods-Im-Horngry.debug.xcconfig */,
				34AF56A87D04C749F7D577E9 /* Pods-Im-Horngry.release.xcconfig */,
			);
			name = Pods;
			sourceTree = "<group>";
		};
		3F6B24BA1B7D339900E5ED23 /* Image Resources */ = {
			isa = PBXGroup;
			children = (
				3F6B24BB1B7D339900E5ED23 /* bg-1.jpg */,
			);
			path = "Image Resources";
			sourceTree = "<group>";
		};
		3F808D901B7BE33B00F5DA35 /* Resources */ = {
			isa = PBXGroup;
			children = (
				3F808DA41B7BE8ED00F5DA35 /* car-black@3x.png */,
				3F808DA51B7BE8ED00F5DA35 /* car-black@2x.png */,
				3F808DA61B7BE8ED00F5DA35 /* car-black.png */,
				3F808D9B1B7BE87500F5DA35 /* bicycle-white@3x.png */,
				3F808D9C1B7BE87500F5DA35 /* bicycle-white.png */,
				3F808D9D1B7BE87500F5DA35 /* bicycle-black@3x.png */,
				3F808D991B7BE7B700F5DA35 /* bicycle-black.png */,
				3F808D951B7BE42500F5DA35 /* walking2.png */,
				3F808D961B7BE42500F5DA35 /* walking2@2x.png */,
			);
			name = Resources;
			sourceTree = "<group>";
		};
		3F8427791B55B9770075884B = {
			isa = PBXGroup;
			children = (
				3F92B66C1B7BD91900697000 /* Images */,
				3F8427841B55B9770075884B /* Im-Horngry */,
				3F84279A1B55B9770075884B /* Im-HorngryTests */,
				3F8427831B55B9770075884B /* Products */,
				0850A8E24062F548A7FBF158 /* Pods */,
				045D6E0D4050C77F7F8CE243 /* Frameworks */,
			);
			sourceTree = "<group>";
		};
		3F8427831B55B9770075884B /* Products */ = {
			isa = PBXGroup;
			children = (
				3F8427821B55B9770075884B /* Dishcover.app */,
				3F8427971B55B9770075884B /* DishcoverTests.xctest */,
			);
			name = Products;
			sourceTree = "<group>";
		};
		3F8427841B55B9770075884B /* Im-Horngry */ = {
			isa = PBXGroup;
			children = (
				3F8427871B55B9770075884B /* AppDelegate.swift */,
				3F8427891B55B9770075884B /* MainViewController.swift */,
				3F02CA941B64284700220C40 /* InfoViewController.swift */,
				3FE2EEB91B712B6F00430EF9 /* RestaurantOverviewViewController.swift */,
				3F7D9E0C1B6F467700752433 /* RestaurantHistoryViewController.swift */,
				3F7D9E0F1B6FDE9300752433 /* RestaurantTableViewCell.swift */,
				3FA25F4F1B79395A0043EA2D /* PaginatedScrollView.swift */,
				3F7D9E0A1B6F33E200752433 /* Restaurant.swift */,
				3FA25F4D1B7932370043EA2D /* PhotoID.swift */,
				3FE8C0881B6ACFCF00F7B936 /* Network.swift */,
				3F84278B1B55B9770075884B /* Main.storyboard */,
				3F02CA921B5F85F200220C40 /* countries_of_the_world.txt */,
				3F84278E1B55B9770075884B /* Images.xcassets */,
				3F8427901B55B9770075884B /* LaunchScreen.xib */,
				3F6B24B81B7C9A6B00E5ED23 /* FinishedSavingView.xib */,
				3F6B24BA1B7D339900E5ED23 /* Image Resources */,
				3F808D901B7BE33B00F5DA35 /* Resources */,
				3F8427851B55B9770075884B /* Supporting Files */,
			);
			path = "Im-Horngry";
			sourceTree = "<group>";
		};
		3F8427851B55B9770075884B /* Supporting Files */ = {
			isa = PBXGroup;
			children = (
				3F8427861B55B9770075884B /* Info.plist */,
			);
			name = "Supporting Files";
			sourceTree = "<group>";
		};
		3F84279A1B55B9770075884B /* Im-HorngryTests */ = {
			isa = PBXGroup;
			children = (
				3F84279D1B55B9770075884B /* Im_HorngryTests.swift */,
				3F84279B1B55B9770075884B /* Supporting Files */,
			);
			path = "Im-HorngryTests";
			sourceTree = "<group>";
		};
		3F84279B1B55B9770075884B /* Supporting Files */ = {
			isa = PBXGroup;
			children = (
				3F84279C1B55B9770075884B /* Info.plist */,
			);
			name = "Supporting Files";
			sourceTree = "<group>";
		};
		3F92B66C1B7BD91900697000 /* Images */ = {
			isa = PBXGroup;
			children = (
				3F92B66A1B7BD90D00697000 /* IMG_0674.png */,
			);
			name = Images;
			sourceTree = "<group>";
		};
/* End PBXGroup section */

/* Begin PBXNativeTarget section */
		3F8427811B55B9770075884B /* Dishcover */ = {
			isa = PBXNativeTarget;
			buildConfigurationList = 3F8427A11B55B9770075884B /* Build configuration list for PBXNativeTarget "Dishcover" */;
			buildPhases = (
				D9C30CBA57564B61D4BC7179 /* Check Pods Manifest.lock */,
				3F84277E1B55B9770075884B /* Sources */,
				3F84277F1B55B9770075884B /* Frameworks */,
				3F8427801B55B9770075884B /* Resources */,
				8D11F71AC126C3EA5803719D /* Copy Pods Resources */,
				379F370E39F5F2567B8FBC6B /* Embed Pods Frameworks */,
			);
			buildRules = (
			);
			dependencies = (
			);
			name = Dishcover;
			productName = "Im-Horngry";
			productReference = 3F8427821B55B9770075884B /* Dishcover.app */;
			productType = "com.apple.product-type.application";
		};
		3F8427961B55B9770075884B /* DishcoverTests */ = {
			isa = PBXNativeTarget;
			buildConfigurationList = 3F8427A41B55B9770075884B /* Build configuration list for PBXNativeTarget "DishcoverTests" */;
			buildPhases = (
				3F8427931B55B9770075884B /* Sources */,
				3F8427941B55B9770075884B /* Frameworks */,
				3F8427951B55B9770075884B /* Resources */,
			);
			buildRules = (
			);
			dependencies = (
				3F8427991B55B9770075884B /* PBXTargetDependency */,
			);
			name = DishcoverTests;
			productName = "Im-HorngryTests";
			productReference = 3F8427971B55B9770075884B /* DishcoverTests.xctest */;
			productType = "com.apple.product-type.bundle.unit-test";
		};
/* End PBXNativeTarget section */

/* Begin PBXProject section */
		3F84277A1B55B9770075884B /* Project object */ = {
			isa = PBXProject;
			attributes = {
				LastUpgradeCheck = 0640;
				ORGANIZATIONNAME = "Timothy Horng";
				TargetAttributes = {
					3F8427811B55B9770075884B = {
						CreatedOnToolsVersion = 6.4;
						DevelopmentTeam = GHPL4SN6Q2;
					};
					3F8427961B55B9770075884B = {
						CreatedOnToolsVersion = 6.4;
						TestTargetID = 3F8427811B55B9770075884B;
					};
				};
			};
			buildConfigurationList = 3F84277D1B55B9770075884B /* Build configuration list for PBXProject "Dishcover" */;
			compatibilityVersion = "Xcode 3.2";
			developmentRegion = English;
			hasScannedForEncodings = 0;
			knownRegions = (
				en,
				Base,
			);
			mainGroup = 3F8427791B55B9770075884B;
			productRefGroup = 3F8427831B55B9770075884B /* Products */;
			projectDirPath = "";
			projectRoot = "";
			targets = (
				3F8427811B55B9770075884B /* Dishcover */,
				3F8427961B55B9770075884B /* DishcoverTests */,
			);
		};
/* End PBXProject section */

/* Begin PBXResourcesBuildPhase section */
		3F8427801B55B9770075884B /* Resources */ = {
			isa = PBXResourcesBuildPhase;
			buildActionMask = 2147483647;
			files = (
				3F84278D1B55B9770075884B /* Main.storyboard in Resources */,
				3F808D9F1B7BE87500F5DA35 /* bicycle-white.png in Resources */,
				3F808D9A1B7BE7B700F5DA35 /* bicycle-black.png in Resources */,
				3F92B66B1B7BD90D00697000 /* IMG_0674.png in Resources */,
				3F808D981B7BE42500F5DA35 /* walking2@2x.png in Resources */,
				3F808D971B7BE42500F5DA35 /* walking2.png in Resources */,
				3F808DAA1B7BE8ED00F5DA35 /* car-black@3x.png in Resources */,
				3F02CA931B5F85F200220C40 /* countries_of_the_world.txt in Resources */,
				3F8427921B55B9770075884B /* LaunchScreen.xib in Resources */,
				3F808D9E1B7BE87500F5DA35 /* bicycle-white@3x.png in Resources */,
				3F808DAC1B7BE8ED00F5DA35 /* car-black.png in Resources */,
				3F808DAB1B7BE8ED00F5DA35 /* car-black@2x.png in Resources */,
				3F84278F1B55B9770075884B /* Images.xcassets in Resources */,
				3F808DA01B7BE87500F5DA35 /* bicycle-black@3x.png in Resources */,
				3F6B24BC1B7D339900E5ED23 /* bg-1.jpg in Resources */,
				3F6B24B91B7C9A6B00E5ED23 /* FinishedSavingView.xib in Resources */,
			);
			runOnlyForDeploymentPostprocessing = 0;
		};
		3F8427951B55B9770075884B /* Resources */ = {
			isa = PBXResourcesBuildPhase;
			buildActionMask = 2147483647;
			files = (
			);
			runOnlyForDeploymentPostprocessing = 0;
		};
/* End PBXResourcesBuildPhase section */

/* Begin PBXShellScriptBuildPhase section */
		379F370E39F5F2567B8FBC6B /* Embed Pods Frameworks */ = {
			isa = PBXShellScriptBuildPhase;
			buildActionMask = 2147483647;
			files = (
			);
			inputPaths = (
			);
			name = "Embed Pods Frameworks";
			outputPaths = (
			);
			runOnlyForDeploymentPostprocessing = 0;
			shellPath = /bin/sh;
			shellScript = "\"${SRCROOT}/Pods/Target Support Files/Pods-Im-Horngry/Pods-Im-Horngry-frameworks.sh\"\n";
			showEnvVarsInLog = 0;
		};
		8D11F71AC126C3EA5803719D /* Copy Pods Resources */ = {
			isa = PBXShellScriptBuildPhase;
			buildActionMask = 2147483647;
			files = (
			);
			inputPaths = (
			);
			name = "Copy Pods Resources";
			outputPaths = (
			);
			runOnlyForDeploymentPostprocessing = 0;
			shellPath = /bin/sh;
			shellScript = "\"${SRCROOT}/Pods/Target Support Files/Pods-Im-Horngry/Pods-Im-Horngry-resources.sh\"\n";
			showEnvVarsInLog = 0;
		};
		D9C30CBA57564B61D4BC7179 /* Check Pods Manifest.lock */ = {
			isa = PBXShellScriptBuildPhase;
			buildActionMask = 2147483647;
			files = (
			);
			inputPaths = (
			);
			name = "Check Pods Manifest.lock";
			outputPaths = (
			);
			runOnlyForDeploymentPostprocessing = 0;
			shellPath = /bin/sh;
			shellScript = "diff \"${PODS_ROOT}/../Podfile.lock\" \"${PODS_ROOT}/Manifest.lock\" > /dev/null\nif [[ $? != 0 ]] ; then\n    cat << EOM\nerror: The sandbox is not in sync with the Podfile.lock. Run 'pod install' or update your CocoaPods installation.\nEOM\n    exit 1\nfi\n";
		};
/* End PBXShellScriptBuildPhase section */

/* Begin PBXSourcesBuildPhase section */
		3F84277E1B55B9770075884B /* Sources */ = {
			isa = PBXSourcesBuildPhase;
			buildActionMask = 2147483647;
			files = (
				3FE2EEBA1B712B6F00430EF9 /* RestaurantOverviewViewController.swift in Sources */,
				3FA25F501B79395A0043EA2D /* PaginatedScrollView.swift in Sources */,
				3F7D9E0B1B6F33E200752433 /* Restaurant.swift in Sources */,
				3FE8C0891B6ACFCF00F7B936 /* Network.swift in Sources */,
				3FA25F4E1B7932370043EA2D /* PhotoID.swift in Sources */,
				3F7D9E0D1B6F467700752433 /* RestaurantHistoryViewController.swift in Sources */,
				3F84278A1B55B9770075884B /* MainViewController.swift in Sources */,
				3F02CA951B64284700220C40 /* InfoViewController.swift in Sources */,
				3F7D9E101B6FDE9300752433 /* RestaurantTableViewCell.swift in Sources */,
				3F8427881B55B9770075884B /* AppDelegate.swift in Sources */,
			);
			runOnlyForDeploymentPostprocessing = 0;
		};
		3F8427931B55B9770075884B /* Sources */ = {
			isa = PBXSourcesBuildPhase;
			buildActionMask = 2147483647;
			files = (
				3F84279E1B55B9770075884B /* Im_HorngryTests.swift in Sources */,
			);
			runOnlyForDeploymentPostprocessing = 0;
		};
/* End PBXSourcesBuildPhase section */

/* Begin PBXTargetDependency section */
		3F8427991B55B9770075884B /* PBXTargetDependency */ = {
			isa = PBXTargetDependency;
			target = 3F8427811B55B9770075884B /* Dishcover */;
			targetProxy = 3F8427981B55B9770075884B /* PBXContainerItemProxy */;
		};
/* End PBXTargetDependency section */

/* Begin PBXVariantGroup section */
		3F84278B1B55B9770075884B /* Main.storyboard */ = {
			isa = PBXVariantGroup;
			children = (
				3F84278C1B55B9770075884B /* Base */,
			);
			name = Main.storyboard;
			sourceTree = "<group>";
		};
		3F8427901B55B9770075884B /* LaunchScreen.xib */ = {
			isa = PBXVariantGroup;
			children = (
				3F8427911B55B9770075884B /* Base */,
			);
			name = LaunchScreen.xib;
			sourceTree = "<group>";
		};
/* End PBXVariantGroup section */

/* Begin XCBuildConfiguration section */
		3F84279F1B55B9770075884B /* Debug */ = {
			isa = XCBuildConfiguration;
			buildSettings = {
				ALWAYS_SEARCH_USER_PATHS = NO;
				CLANG_CXX_LANGUAGE_STANDARD = "gnu++0x";
				CLANG_CXX_LIBRARY = "libc++";
				CLANG_ENABLE_MODULES = YES;
				CLANG_ENABLE_OBJC_ARC = YES;
				CLANG_WARN_BOOL_CONVERSION = YES;
				CLANG_WARN_CONSTANT_CONVERSION = YES;
				CLANG_WARN_DIRECT_OBJC_ISA_USAGE = YES_ERROR;
				CLANG_WARN_EMPTY_BODY = YES;
				CLANG_WARN_ENUM_CONVERSION = YES;
				CLANG_WARN_INT_CONVERSION = YES;
				CLANG_WARN_OBJC_ROOT_CLASS = YES_ERROR;
				CLANG_WARN_UNREACHABLE_CODE = YES;
				CLANG_WARN__DUPLICATE_METHOD_MATCH = YES;
				"CODE_SIGN_IDENTITY[sdk=iphoneos*]" = "iPhone Developer";
				COPY_PHASE_STRIP = NO;
				DEBUG_INFORMATION_FORMAT = "dwarf-with-dsym";
				ENABLE_STRICT_OBJC_MSGSEND = YES;
				GCC_C_LANGUAGE_STANDARD = gnu99;
				GCC_DYNAMIC_NO_PIC = NO;
				GCC_NO_COMMON_BLOCKS = YES;
				GCC_OPTIMIZATION_LEVEL = 0;
				GCC_PREPROCESSOR_DEFINITIONS = (
					"DEBUG=1",
					"$(inherited)",
				);
				GCC_SYMBOLS_PRIVATE_EXTERN = NO;
				GCC_WARN_64_TO_32_BIT_CONVERSION = YES;
				GCC_WARN_ABOUT_RETURN_TYPE = YES_ERROR;
				GCC_WARN_UNDECLARED_SELECTOR = YES;
				GCC_WARN_UNINITIALIZED_AUTOS = YES_AGGRESSIVE;
				GCC_WARN_UNUSED_FUNCTION = YES;
				GCC_WARN_UNUSED_VARIABLE = YES;
				IPHONEOS_DEPLOYMENT_TARGET = 8.4;
				MTL_ENABLE_DEBUG_INFO = YES;
				ONLY_ACTIVE_ARCH = YES;
				SDKROOT = iphoneos;
				SWIFT_OPTIMIZATION_LEVEL = "-Onone";
				TARGETED_DEVICE_FAMILY = "1,2";
			};
			name = Debug;
		};
		3F8427A01B55B9770075884B /* Release */ = {
			isa = XCBuildConfiguration;
			buildSettings = {
				ALWAYS_SEARCH_USER_PATHS = NO;
				CLANG_CXX_LANGUAGE_STANDARD = "gnu++0x";
				CLANG_CXX_LIBRARY = "libc++";
				CLANG_ENABLE_MODULES = YES;
				CLANG_ENABLE_OBJC_ARC = YES;
				CLANG_WARN_BOOL_CONVERSION = YES;
				CLANG_WARN_CONSTANT_CONVERSION = YES;
				CLANG_WARN_DIRECT_OBJC_ISA_USAGE = YES_ERROR;
				CLANG_WARN_EMPTY_BODY = YES;
				CLANG_WARN_ENUM_CONVERSION = YES;
				CLANG_WARN_INT_CONVERSION = YES;
				CLANG_WARN_OBJC_ROOT_CLASS = YES_ERROR;
				CLANG_WARN_UNREACHABLE_CODE = YES;
				CLANG_WARN__DUPLICATE_METHOD_MATCH = YES;
				"CODE_SIGN_IDENTITY[sdk=iphoneos*]" = "iPhone Developer";
				COPY_PHASE_STRIP = NO;
				DEBUG_INFORMATION_FORMAT = "dwarf-with-dsym";
				ENABLE_NS_ASSERTIONS = NO;
				ENABLE_STRICT_OBJC_MSGSEND = YES;
				GCC_C_LANGUAGE_STANDARD = gnu99;
				GCC_NO_COMMON_BLOCKS = YES;
				GCC_WARN_64_TO_32_BIT_CONVERSION = YES;
				GCC_WARN_ABOUT_RETURN_TYPE = YES_ERROR;
				GCC_WARN_UNDECLARED_SELECTOR = YES;
				GCC_WARN_UNINITIALIZED_AUTOS = YES_AGGRESSIVE;
				GCC_WARN_UNUSED_FUNCTION = YES;
				GCC_WARN_UNUSED_VARIABLE = YES;
				IPHONEOS_DEPLOYMENT_TARGET = 8.4;
				MTL_ENABLE_DEBUG_INFO = NO;
				SDKROOT = iphoneos;
				TARGETED_DEVICE_FAMILY = "1,2";
				VALIDATE_PRODUCT = YES;
			};
			name = Release;
		};
		3F8427A21B55B9770075884B /* Debug */ = {
			isa = XCBuildConfiguration;
			baseConfigurationReference = 3545AE645127940BBE100A75 /* Pods-Im-Horngry.debug.xcconfig */;
			buildSettings = {
				ASSETCATALOG_COMPILER_APPICON_NAME = AppIcon;
				CODE_SIGN_IDENTITY = "iPhone Developer";
				"CODE_SIGN_IDENTITY[sdk=iphoneos*]" = "iPhone Developer";
				FRAMEWORK_SEARCH_PATHS = (
					"$(inherited)",
					"$(PROJECT_DIR)",
				);
				INFOPLIST_FILE = "Im-Horngry/Info.plist";
				LD_RUNPATH_SEARCH_PATHS = "$(inherited) @executable_path/Frameworks";
				PRODUCT_NAME = Dishcover;
				PROVISIONING_PROFILE = "";
			};
			name = Debug;
		};
		3F8427A31B55B9770075884B /* Release */ = {
			isa = XCBuildConfiguration;
			baseConfigurationReference = 34AF56A87D04C749F7D577E9 /* Pods-Im-Horngry.release.xcconfig */;
			buildSettings = {
				ASSETCATALOG_COMPILER_APPICON_NAME = AppIcon;
				CODE_SIGN_IDENTITY = "iPhone Developer";
				"CODE_SIGN_IDENTITY[sdk=iphoneos*]" = "iPhone Developer";
				FRAMEWORK_SEARCH_PATHS = (
					"$(inherited)",
					"$(PROJECT_DIR)",
				);
				INFOPLIST_FILE = "Im-Horngry/Info.plist";
				LD_RUNPATH_SEARCH_PATHS = "$(inherited) @executable_path/Frameworks";
				PRODUCT_NAME = Dishcover;
				PROVISIONING_PROFILE = "";
			};
			name = Release;
		};
		3F8427A51B55B9770075884B /* Debug */ = {
			isa = XCBuildConfiguration;
			buildSettings = {
				BUNDLE_LOADER = "$(TEST_HOST)";
				FRAMEWORK_SEARCH_PATHS = (
					"$(SDKROOT)/Developer/Library/Frameworks",
					"$(inherited)",
				);
				GCC_PREPROCESSOR_DEFINITIONS = (
					"DEBUG=1",
					"$(inherited)",
				);
				INFOPLIST_FILE = "Im-HorngryTests/Info.plist";
				LD_RUNPATH_SEARCH_PATHS = "$(inherited) @executable_path/Frameworks @loader_path/Frameworks";
				PRODUCT_NAME = DishcoverTests;
				TEST_HOST = "$(BUILT_PRODUCTS_DIR)/Im-Horngry.app/Im-Horngry";
			};
			name = Debug;
		};
		3F8427A61B55B9770075884B /* Release */ = {
			isa = XCBuildConfiguration;
			buildSettings = {
				BUNDLE_LOADER = "$(TEST_HOST)";
				FRAMEWORK_SEARCH_PATHS = (
					"$(SDKROOT)/Developer/Library/Frameworks",
					"$(inherited)",
				);
				INFOPLIST_FILE = "Im-HorngryTests/Info.plist";
				LD_RUNPATH_SEARCH_PATHS = "$(inherited) @executable_path/Frameworks @loader_path/Frameworks";
				PRODUCT_NAME = DishcoverTests;
				TEST_HOST = "$(BUILT_PRODUCTS_DIR)/Im-Horngry.app/Im-Horngry";
			};
			name = Release;
		};
/* End XCBuildConfiguration section */

/* Begin XCConfigurationList section */
		3F84277D1B55B9770075884B /* Build configuration list for PBXProject "Dishcover" */ = {
			isa = XCConfigurationList;
			buildConfigurations = (
				3F84279F1B55B9770075884B /* Debug */,
				3F8427A01B55B9770075884B /* Release */,
			);
			defaultConfigurationIsVisible = 0;
			defaultConfigurationName = Release;
		};
		3F8427A11B55B9770075884B /* Build configuration list for PBXNativeTarget "Dishcover" */ = {
			isa = XCConfigurationList;
			buildConfigurations = (
				3F8427A21B55B9770075884B /* Debug */,
				3F8427A31B55B9770075884B /* Release */,
			);
			defaultConfigurationIsVisible = 0;
			defaultConfigurationName = Release;
		};
		3F8427A41B55B9770075884B /* Build configuration list for PBXNativeTarget "DishcoverTests" */ = {
			isa = XCConfigurationList;
			buildConfigurations = (
				3F8427A51B55B9770075884B /* Debug */,
				3F8427A61B55B9770075884B /* Release */,
			);
			defaultConfigurationIsVisible = 0;
			defaultConfigurationName = Release;
		};
/* End XCConfigurationList section */
	};
	rootObject = 3F84277A1B55B9770075884B /* Project object */;
}
